
Microsoft Visual Studio Solution File, Format Version 12.00
# Visual Studio 15
VisualStudioVersion = 15.0.26730.15
MinimumVisualStudioVersion = 10.0.40219.1
Project("{9A19103F-16F7-4668-BE54-9A1E7A4F7556}") = "EasyTalentsData", "EasyTalentsData\EasyTalentsData.csproj", "{61278D3C-D520-43E1-BC8F-87A27402ECA2}"
EndProject
Project("{9A19103F-16F7-4668-BE54-9A1E7A4F7556}") = "EasyTalentsApi", "EasyTalentsApi\EasyTalentsApi.csproj", "{28A96542-9D69-4E08-9920-2599632DC758}"
EndProject
Project("{FAE04EC0-301F-11D3-BF4B-00C04F79EFBC}") = "EasyTalentsTest", "EasyTalentsTest\EasyTalentsTest.csproj", "{DAA84BF7-E3A6-4673-A392-A00EA9BD34F6}"
EndProject
Project("{9A19103F-16F7-4668-BE54-9A1E7A4F7556}") = "EasyTalentsWeb", "EasyTalentsWeb\EasyTalentsWeb.csproj", "{A2E8447F-847D-4E1E-81F0-6F4677CDAE8D}"
EndProject
Project("{2150E333-8FDC-42A3-9474-1A3956D46DE8}") = "Solution Items", "Solution Items", "{5105705D-E3BF-451D-8A73-529AB94ED1D4}"
	ProjectSection(SolutionItems) = preProject
		.gitignore = .gitignore
	EndProjectSection
EndProject
Project("{2150E333-8FDC-42A3-9474-1A3956D46DE8}") = "Prints", "Prints", "{AB4EEBB1-1D92-439D-82B3-7F14711BCD56}"
	ProjectSection(SolutionItems) = preProject
		..\..\..\..\Desktop\prints\Cadastro.png = ..\..\..\..\Desktop\prints\Cadastro.png
		..\..\..\..\Desktop\prints\Detalhe.png = ..\..\..\..\Desktop\prints\Detalhe.png
		..\..\..\..\Desktop\prints\Editar.png = ..\..\..\..\Desktop\prints\Editar.png
		..\..\..\..\Desktop\prints\Excluir.png = ..\..\..\..\Desktop\prints\Excluir.png
		..\..\..\..\Desktop\prints\Listar.png = ..\..\..\..\Desktop\prints\Listar.png
	EndProjectSection
EndProject
Global
	GlobalSection(SolutionConfigurationPlatforms) = preSolution
		Debug|Any CPU = Debug|Any CPU
		Release|Any CPU = Release|Any CPU
	EndGlobalSection
	GlobalSection(ProjectConfigurationPlatforms) = postSolution
		{61278D3C-D520-43E1-BC8F-87A27402ECA2}.Debug|Any CPU.ActiveCfg = Debug|Any CPU
		{61278D3C-D520-43E1-BC8F-87A27402ECA2}.Debug|Any CPU.Build.0 = Debug|Any CPU
		{61278D3C-D520-43E1-BC8F-87A27402ECA2}.Release|Any CPU.ActiveCfg = Release|Any CPU
		{61278D3C-D520-43E1-BC8F-87A27402ECA2}.Release|Any CPU.Build.0 = Release|Any CPU
		{28A96542-9D69-4E08-9920-2599632DC758}.Debug|Any CPU.ActiveCfg = Debug|Any CPU
		{28A96542-9D69-4E08-9920-2599632DC758}.Debug|Any CPU.Build.0 = Debug|Any CPU
		{28A96542-9D69-4E08-9920-2599632DC758}.Release|Any CPU.ActiveCfg = Release|Any CPU
		{28A96542-9D69-4E08-9920-2599632DC758}.Release|Any CPU.Build.0 = Release|Any CPU
		{DAA84BF7-E3A6-4673-A392-A00EA9BD34F6}.Debug|Any CPU.ActiveCfg = Debug|Any CPU
		{DAA84BF7-E3A6-4673-A392-A00EA9BD34F6}.Debug|Any CPU.Build.0 = Debug|Any CPU
		{DAA84BF7-E3A6-4673-A392-A00EA9BD34F6}.Release|Any CPU.ActiveCfg = Release|Any CPU
		{DAA84BF7-E3A6-4673-A392-A00EA9BD34F6}.Release|Any CPU.Build.0 = Release|Any CPU
		{A2E8447F-847D-4E1E-81F0-6F4677CDAE8D}.Debug|Any CPU.ActiveCfg = Debug|Any CPU
		{A2E8447F-847D-4E1E-81F0-6F4677CDAE8D}.Debug|Any CPU.Build.0 = Debug|Any CPU
		{A2E8447F-847D-4E1E-81F0-6F4677CDAE8D}.Release|Any CPU.ActiveCfg = Release|Any CPU
		{A2E8447F-847D-4E1E-81F0-6F4677CDAE8D}.Release|Any CPU.Build.0 = Release|Any CPU
	EndGlobalSection
	GlobalSection(SolutionProperties) = preSolution
		HideSolutionNode = FALSE
	EndGlobalSection
	GlobalSection(ExtensibilityGlobals) = postSolution
		SolutionGuid = {E072C354-2B63-4E7E-B57B-CB9D320C99B0}
	EndGlobalSection
EndGlobal
